Microsoft Visual Studio Solution File, Format Version 7.00
Project("{FAE04EC0-301F-11D3-BF4B-00C04F79EFBC}") = "WinControls", "WinControls.csproj", "{79F767F6-6A34-4C03-9329-F0EDF6E60226}"
EndProject
Global
	GlobalSection(SolutionConfiguration) = preSolution
		ConfigName.0 = Debug
		ConfigName.1 = Release
	EndGlobalSection
	GlobalSection(ProjectDependencies) = postSolution
	EndGlobalSection
	GlobalSection(ProjectConfiguration) = postSolution
		{79F767F6-6A34-4C03-9329-F0EDF6E60226}.Debug.ActiveCfg = Debug|.NET
		{79F767F6-6A34-4C03-9329-F0EDF6E60226}.Debug.Build.0 = Debug|.NET
		{79F767F6-6A34-4C03-9329-F0EDF6E60226}.Release.ActiveCfg = Release|.NET
		{79F767F6-6A34-4C03-9329-F0EDF6E60226}.Release.Build.0 = Release|.NET
	EndGlobalSection
	GlobalSection(ExtensibilityGlobals) = postSolution
	EndGlobalSection
	GlobalSection(ExtensibilityAddIns) = postSolution
	EndGlobalSection
EndGlobal
