Microsoft Visual Studio Solution File, Format Version 7.00
Project("{FAE04EC0-301F-11D3-BF4B-00C04F79EFBC}") = "FileredIterator", "FileredIterator.csproj", "{3D979964-EE63-4DA7-AC66-515124ECE8B3}"
EndProject
Global
	GlobalSection(SolutionConfiguration) = preSolution
		ConfigName.0 = Debug
		ConfigName.1 = Release
	EndGlobalSection
	GlobalSection(ProjectDependencies) = postSolution
	EndGlobalSection
	GlobalSection(ProjectConfiguration) = postSolution
		{3D979964-EE63-4DA7-AC66-515124ECE8B3}.Debug.ActiveCfg = Debug|.NET
		{3D979964-EE63-4DA7-AC66-515124ECE8B3}.Debug.Build.0 = Debug|.NET
		{3D979964-EE63-4DA7-AC66-515124ECE8B3}.Release.ActiveCfg = Release|.NET
		{3D979964-EE63-4DA7-AC66-515124ECE8B3}.Release.Build.0 = Release|.NET
	EndGlobalSection
	GlobalSection(ExtensibilityGlobals) = postSolution
	EndGlobalSection
	GlobalSection(ExtensibilityAddIns) = postSolution
	EndGlobalSection
EndGlobal
