Microsoft Visual Studio Solution File, Format Version 7.00
Project("{FAE04EC0-301F-11D3-BF4B-00C04F79EFBC}") = "SortedList", "SortedList.csproj", "{A2C4DE48-8AD7-4962-A75A-7F538D816B8E}"
EndProject
Global
	GlobalSection(SolutionConfiguration) = preSolution
		ConfigName.0 = Debug
		ConfigName.1 = Release
	EndGlobalSection
	GlobalSection(ProjectDependencies) = postSolution
	EndGlobalSection
	GlobalSection(ProjectConfiguration) = postSolution
		{A2C4DE48-8AD7-4962-A75A-7F538D816B8E}.Debug.ActiveCfg = Debug|.NET
		{A2C4DE48-8AD7-4962-A75A-7F538D816B8E}.Debug.Build.0 = Debug|.NET
		{A2C4DE48-8AD7-4962-A75A-7F538D816B8E}.Release.ActiveCfg = Release|.NET
		{A2C4DE48-8AD7-4962-A75A-7F538D816B8E}.Release.Build.0 = Release|.NET
	EndGlobalSection
	GlobalSection(ExtensibilityGlobals) = postSolution
	EndGlobalSection
	GlobalSection(ExtensibilityAddIns) = postSolution
	EndGlobalSection
EndGlobal
