Microsoft Visual Studio Solution File, Format Version 7.00
Project("{FAE04EC0-301F-11D3-BF4B-00C04F79EFBC}") = "Template", "Template.csproj", "{65A1BCD2-0BC9-468B-B05E-90097782AD4D}"
EndProject
Global
	GlobalSection(SolutionConfiguration) = preSolution
		ConfigName.0 = Debug
		ConfigName.1 = Release
	EndGlobalSection
	GlobalSection(ProjectDependencies) = postSolution
	EndGlobalSection
	GlobalSection(ProjectConfiguration) = postSolution
		{65A1BCD2-0BC9-468B-B05E-90097782AD4D}.Debug.ActiveCfg = Debug|.NET
		{65A1BCD2-0BC9-468B-B05E-90097782AD4D}.Debug.Build.0 = Debug|.NET
		{65A1BCD2-0BC9-468B-B05E-90097782AD4D}.Release.ActiveCfg = Release|.NET
		{65A1BCD2-0BC9-468B-B05E-90097782AD4D}.Release.Build.0 = Release|.NET
	EndGlobalSection
	GlobalSection(ExtensibilityGlobals) = postSolution
	EndGlobalSection
	GlobalSection(ExtensibilityAddIns) = postSolution
	EndGlobalSection
EndGlobal
