Microsoft Visual Studio Solution File, Format Version 7.00
Project("{8BC9CEB8-8B4A-11D0-8D11-00A0C91BC942}") = "SpaceOut", "SpaceOut.vcproj", "{824EC981-12EF-432C-AAAE-0D16EBA0706A}"
EndProject
Global
	GlobalSection(SolutionConfiguration) = preSolution
		ConfigName.0 = Debug
		ConfigName.1 = Release
	EndGlobalSection
	GlobalSection(ProjectDependencies) = postSolution
	EndGlobalSection
	GlobalSection(ProjectConfiguration) = postSolution
		{824EC981-12EF-432C-AAAE-0D16EBA0706A}.Debug.ActiveCfg = Debug|Win32
		{824EC981-12EF-432C-AAAE-0D16EBA0706A}.Debug.Build.0 = Debug|Win32
		{824EC981-12EF-432C-AAAE-0D16EBA0706A}.Release.ActiveCfg = Release|Win32
		{824EC981-12EF-432C-AAAE-0D16EBA0706A}.Release.Build.0 = Release|Win32
	EndGlobalSection
	GlobalSection(ExtensibilityGlobals) = postSolution
	EndGlobalSection
	GlobalSection(ExtensibilityAddIns) = postSolution
	EndGlobalSection
EndGlobal
