
Microsoft Visual Studio Solution File, Format Version 11.00
# Visual C++ Express 2010
Project("{8BC9CEB8-8B4A-11D0-8D11-00A0C91BC942}") = "DebugMe1", "DebugMe1.vcxproj", "{CA368E34-8376-4E3C-9850-AA47E9EC2320}"
EndProject
Global
	GlobalSection(SolutionConfigurationPlatforms) = preSolution
		Debug|Win32 = Debug|Win32
		Release|Win32 = Release|Win32
	EndGlobalSection
	GlobalSection(ProjectConfigurationPlatforms) = postSolution
		{CA368E34-8376-4E3C-9850-AA47E9EC2320}.Debug|Win32.ActiveCfg = Debug|Win32
		{CA368E34-8376-4E3C-9850-AA47E9EC2320}.Debug|Win32.Build.0 = Debug|Win32
		{CA368E34-8376-4E3C-9850-AA47E9EC2320}.Release|Win32.ActiveCfg = Release|Win32
		{CA368E34-8376-4E3C-9850-AA47E9EC2320}.Release|Win32.Build.0 = Release|Win32
	EndGlobalSection
	GlobalSection(SolutionProperties) = preSolution
		HideSolutionNode = FALSE
	EndGlobalSection
EndGlobal
