Microsoft Visual Studio Solution File, Format Version 7.00
Project("{8BC9CEB8-8B4A-11D0-8D11-00A0C91BC942}") = "DSplit", "DSplit.vcproj", "{453C4298-C5D8-4AA6-8D98-62CEA962BCFE}"
EndProject
Global
	GlobalSection(SolutionConfiguration) = preSolution
		ConfigName.0 = Debug
		ConfigName.1 = Release
	EndGlobalSection
	GlobalSection(ProjectDependencies) = postSolution
	EndGlobalSection
	GlobalSection(ProjectConfiguration) = postSolution
		{453C4298-C5D8-4AA6-8D98-62CEA962BCFE}.Debug.ActiveCfg = Debug|Win32
		{453C4298-C5D8-4AA6-8D98-62CEA962BCFE}.Debug.Build.0 = Debug|Win32
		{453C4298-C5D8-4AA6-8D98-62CEA962BCFE}.Release.ActiveCfg = Release|Win32
		{453C4298-C5D8-4AA6-8D98-62CEA962BCFE}.Release.Build.0 = Release|Win32
	EndGlobalSection
	GlobalSection(ExtensibilityGlobals) = postSolution
	EndGlobalSection
	GlobalSection(ExtensibilityAddIns) = postSolution
	EndGlobalSection
EndGlobal
