Microsoft Visual Studio Solution File, Format Version 7.00
Project("{FAE04EC0-301F-11D3-BF4B-00C04F79EFBC}") = "Observer", "Observer.csproj", "{F56BDE5E-6CD2-4A9D-9A75-8151CD1C1E0F}"
EndProject
Global
	GlobalSection(SolutionConfiguration) = preSolution
		ConfigName.0 = Debug
		ConfigName.1 = Release
	EndGlobalSection
	GlobalSection(ProjectDependencies) = postSolution
	EndGlobalSection
	GlobalSection(ProjectConfiguration) = postSolution
		{F56BDE5E-6CD2-4A9D-9A75-8151CD1C1E0F}.Debug.ActiveCfg = Debug|.NET
		{F56BDE5E-6CD2-4A9D-9A75-8151CD1C1E0F}.Debug.Build.0 = Debug|.NET
		{F56BDE5E-6CD2-4A9D-9A75-8151CD1C1E0F}.Release.ActiveCfg = Release|.NET
		{F56BDE5E-6CD2-4A9D-9A75-8151CD1C1E0F}.Release.Build.0 = Release|.NET
	EndGlobalSection
	GlobalSection(ExtensibilityGlobals) = postSolution
	EndGlobalSection
	GlobalSection(ExtensibilityAddIns) = postSolution
	EndGlobalSection
EndGlobal
