Microsoft Visual Studio Solution File, Format Version 8.00
Project("{8BC9CEB8-8B4A-11D0-8D11-00A0C91BC942}") = "Rotation", "Rotation.vcproj", "{E236AE22-0362-4D75-8662-6E8F0BCB3226}"
	ProjectSection(ProjectDependencies) = postProject
	EndProjectSection
EndProject
Global
	GlobalSection(SolutionConfiguration) = preSolution
		Debug = Debug
		Release = Release
	EndGlobalSection
	GlobalSection(ProjectConfiguration) = postSolution
		{E236AE22-0362-4D75-8662-6E8F0BCB3226}.Debug.ActiveCfg = Debug|Win32
		{E236AE22-0362-4D75-8662-6E8F0BCB3226}.Debug.Build.0 = Debug|Win32
		{E236AE22-0362-4D75-8662-6E8F0BCB3226}.Release.ActiveCfg = Release|Win32
		{E236AE22-0362-4D75-8662-6E8F0BCB3226}.Release.Build.0 = Release|Win32
	EndGlobalSection
	GlobalSection(ExtensibilityGlobals) = postSolution
	EndGlobalSection
	GlobalSection(ExtensibilityAddIns) = postSolution
	EndGlobalSection
EndGlobal
