Microsoft Visual Studio Solution File, Format Version 7.00
Project("{FAE04EC0-301F-11D3-BF4B-00C04F79EFBC}") = "GridAdapt", "GridAdapt.csproj", "{2772193F-8B6F-43DC-96A6-7B9C1C2054E0}"
EndProject
Global
	GlobalSection(SolutionConfiguration) = preSolution
		ConfigName.0 = Debug
		ConfigName.1 = Release
	EndGlobalSection
	GlobalSection(ProjectDependencies) = postSolution
	EndGlobalSection
	GlobalSection(ProjectConfiguration) = postSolution
		{2772193F-8B6F-43DC-96A6-7B9C1C2054E0}.Debug.ActiveCfg = Debug|.NET
		{2772193F-8B6F-43DC-96A6-7B9C1C2054E0}.Debug.Build.0 = Debug|.NET
		{2772193F-8B6F-43DC-96A6-7B9C1C2054E0}.Release.ActiveCfg = Release|.NET
		{2772193F-8B6F-43DC-96A6-7B9C1C2054E0}.Release.Build.0 = Release|.NET
	EndGlobalSection
	GlobalSection(ExtensibilityGlobals) = postSolution
	EndGlobalSection
	GlobalSection(ExtensibilityAddIns) = postSolution
	EndGlobalSection
EndGlobal
