
Microsoft Visual Studio Solution File, Format Version 9.00
# Visual Studio 2005
Project("{8BC9CEB8-8B4A-11D0-8D11-00A0C91BC942}") = "CellDetection", "CellDetection.vcproj", "{C86040EC-816F-48BA-8DE9-0932C6B39D53}"
EndProject
Global
	GlobalSection(SolutionConfigurationPlatforms) = preSolution
		Debug|Win32 = Debug|Win32
		Release|Win32 = Release|Win32
	EndGlobalSection
	GlobalSection(ProjectConfigurationPlatforms) = postSolution
		{C86040EC-816F-48BA-8DE9-0932C6B39D53}.Debug|Win32.ActiveCfg = Debug|Win32
		{C86040EC-816F-48BA-8DE9-0932C6B39D53}.Debug|Win32.Build.0 = Debug|Win32
		{C86040EC-816F-48BA-8DE9-0932C6B39D53}.Release|Win32.ActiveCfg = Release|Win32
		{C86040EC-816F-48BA-8DE9-0932C6B39D53}.Release|Win32.Build.0 = Release|Win32
	EndGlobalSection
	GlobalSection(SolutionProperties) = preSolution
		HideSolutionNode = FALSE
	EndGlobalSection
EndGlobal
