
Microsoft Visual Studio Solution File, Format Version 11.00
# Visual C++ Express 2010
Project("{8BC9CEB8-8B4A-11D0-8D11-00A0C91BC942}") = "HelloReversing", "HelloReversing.vcxproj", "{1BD1D571-F880-4C6B-9DF3-1605720A6516}"
EndProject
Global
	GlobalSection(SolutionConfigurationPlatforms) = preSolution
		Debug|Win32 = Debug|Win32
		Release|Win32 = Release|Win32
	EndGlobalSection
	GlobalSection(ProjectConfigurationPlatforms) = postSolution
		{1BD1D571-F880-4C6B-9DF3-1605720A6516}.Debug|Win32.ActiveCfg = Debug|Win32
		{1BD1D571-F880-4C6B-9DF3-1605720A6516}.Debug|Win32.Build.0 = Debug|Win32
		{1BD1D571-F880-4C6B-9DF3-1605720A6516}.Release|Win32.ActiveCfg = Release|Win32
		{1BD1D571-F880-4C6B-9DF3-1605720A6516}.Release|Win32.Build.0 = Release|Win32
	EndGlobalSection
	GlobalSection(SolutionProperties) = preSolution
		HideSolutionNode = FALSE
	EndGlobalSection
EndGlobal
