
Microsoft Visual Studio Solution File, Format Version 11.00
# Visual C++ Express 2010
Project("{8BC9CEB8-8B4A-11D0-8D11-00A0C91BC942}") = "CodeInjection2", "CodeInjection2.vcxproj", "{5EB82625-081B-4ED2-8D1C-C500BF0D3A7F}"
EndProject
Global
	GlobalSection(SolutionConfigurationPlatforms) = preSolution
		Debug|Win32 = Debug|Win32
		Release|Win32 = Release|Win32
	EndGlobalSection
	GlobalSection(ProjectConfigurationPlatforms) = postSolution
		{5EB82625-081B-4ED2-8D1C-C500BF0D3A7F}.Debug|Win32.ActiveCfg = Debug|Win32
		{5EB82625-081B-4ED2-8D1C-C500BF0D3A7F}.Debug|Win32.Build.0 = Debug|Win32
		{5EB82625-081B-4ED2-8D1C-C500BF0D3A7F}.Release|Win32.ActiveCfg = Release|Win32
		{5EB82625-081B-4ED2-8D1C-C500BF0D3A7F}.Release|Win32.Build.0 = Release|Win32
	EndGlobalSection
	GlobalSection(SolutionProperties) = preSolution
		HideSolutionNode = FALSE
	EndGlobalSection
EndGlobal
