
Microsoft Visual Studio Solution File, Format Version 10.00
# Visual Studio 2008
Project("{8BC9CEB8-8B4A-11D0-8D11-00A0C91BC942}") = "myprogram_load", "myprogram_load\myprogram_load.vcproj", "{74B240EC-903D-4C3E-B306-870D19683654}"
EndProject
Global
	GlobalSection(SolutionConfigurationPlatforms) = preSolution
		Debug|Win32 = Debug|Win32
		Release|Win32 = Release|Win32
	EndGlobalSection
	GlobalSection(ProjectConfigurationPlatforms) = postSolution
		{74B240EC-903D-4C3E-B306-870D19683654}.Debug|Win32.ActiveCfg = Debug|Win32
		{74B240EC-903D-4C3E-B306-870D19683654}.Debug|Win32.Build.0 = Debug|Win32
		{74B240EC-903D-4C3E-B306-870D19683654}.Release|Win32.ActiveCfg = Release|Win32
		{74B240EC-903D-4C3E-B306-870D19683654}.Release|Win32.Build.0 = Release|Win32
	EndGlobalSection
	GlobalSection(SolutionProperties) = preSolution
		HideSolutionNode = FALSE
	EndGlobalSection
EndGlobal
