Microsoft Visual Studio Solution File, Format Version 7.00
Project("{8BC9CEB8-8B4A-11D0-8D11-00A0C91BC942}") = "MemMgrTest", "MemMgrTest.vcproj", "{6C18DA3F-E3A5-4676-85CB-4D6C7B8C252A}"
EndProject
Project("{8BC9CEB8-8B4A-11D0-8D11-00A0C91BC942}") = "MemMgrTestPS", "MemMgrTestPS.vcproj", "{CB0CD0CE-163F-406A-A051-60074ECEF86E}"
EndProject
Global
	GlobalSection(SolutionConfiguration) = preSolution
		ConfigName.0 = Debug
		ConfigName.1 = Release
	EndGlobalSection
	GlobalSection(ProjectDependencies) = postSolution
		{CB0CD0CE-163F-406A-A051-60074ECEF86E}.0 = {6C18DA3F-E3A5-4676-85CB-4D6C7B8C252A}
	EndGlobalSection
	GlobalSection(ProjectConfiguration) = postSolution
		{6C18DA3F-E3A5-4676-85CB-4D6C7B8C252A}.Debug.ActiveCfg = Debug|Win32
		{6C18DA3F-E3A5-4676-85CB-4D6C7B8C252A}.Debug.Build.0 = Debug|Win32
		{6C18DA3F-E3A5-4676-85CB-4D6C7B8C252A}.Release.ActiveCfg = Release|Win32
		{6C18DA3F-E3A5-4676-85CB-4D6C7B8C252A}.Release.Build.0 = Release|Win32
		{CB0CD0CE-163F-406A-A051-60074ECEF86E}.Debug.ActiveCfg = Debug|Win32
		{CB0CD0CE-163F-406A-A051-60074ECEF86E}.Release.ActiveCfg = Release|Win32
	EndGlobalSection
	GlobalSection(ExtensibilityGlobals) = postSolution
	EndGlobalSection
	GlobalSection(ExtensibilityAddIns) = postSolution
	EndGlobalSection
EndGlobal
