Microsoft Visual Studio Solution File, Format Version 7.00
Project("{FAE04EC0-301F-11D3-BF4B-00C04F79EFBC}") = "Hello", "Hello.csproj", "{234D7D35-C9D5-425A-BFBC-C0C19D0301DA}"
EndProject
Global
	GlobalSection(SolutionConfiguration) = preSolution
		ConfigName.0 = Debug
		ConfigName.1 = Release
	EndGlobalSection
	GlobalSection(ProjectDependencies) = postSolution
	EndGlobalSection
	GlobalSection(ProjectConfiguration) = postSolution
		{234D7D35-C9D5-425A-BFBC-C0C19D0301DA}.Debug.ActiveCfg = Debug|.NET
		{234D7D35-C9D5-425A-BFBC-C0C19D0301DA}.Debug.Build.0 = Debug|.NET
		{234D7D35-C9D5-425A-BFBC-C0C19D0301DA}.Release.ActiveCfg = Release|.NET
		{234D7D35-C9D5-425A-BFBC-C0C19D0301DA}.Release.Build.0 = Release|.NET
	EndGlobalSection
	GlobalSection(ExtensibilityGlobals) = postSolution
	EndGlobalSection
	GlobalSection(ExtensibilityAddIns) = postSolution
	EndGlobalSection
EndGlobal
