
Microsoft Visual Studio Solution File, Format Version 10.00
# Visual Studio 2008
Project("{8BC9CEB8-8B4A-11D0-8D11-00A0C91BC942}") = "copy_constructortest", "copy_constructortest\copy_constructortest.vcproj", "{17787ECE-F436-4263-B1F5-79DCE052FBEF}"
EndProject
Global
	GlobalSection(SolutionConfigurationPlatforms) = preSolution
		Debug|Win32 = Debug|Win32
		Release|Win32 = Release|Win32
	EndGlobalSection
	GlobalSection(ProjectConfigurationPlatforms) = postSolution
		{17787ECE-F436-4263-B1F5-79DCE052FBEF}.Debug|Win32.ActiveCfg = Debug|Win32
		{17787ECE-F436-4263-B1F5-79DCE052FBEF}.Debug|Win32.Build.0 = Debug|Win32
		{17787ECE-F436-4263-B1F5-79DCE052FBEF}.Release|Win32.ActiveCfg = Release|Win32
		{17787ECE-F436-4263-B1F5-79DCE052FBEF}.Release|Win32.Build.0 = Release|Win32
	EndGlobalSection
	GlobalSection(SolutionProperties) = preSolution
		HideSolutionNode = FALSE
	EndGlobalSection
EndGlobal
