Microsoft Visual Studio Solution File, Format Version 8.00
Project("{8BC9CEB8-8B4A-11D0-8D11-00A0C91BC942}") = "OnYourOwn1", "OnYourOwn1.vcproj", "{F7BEC3B2-35F3-4130-B177-76D2FA090477}"
	ProjectSection(ProjectDependencies) = postProject
	EndProjectSection
EndProject
Global
	GlobalSection(SolutionConfiguration) = preSolution
		Debug = Debug
		Release = Release
	EndGlobalSection
	GlobalSection(ProjectConfiguration) = postSolution
		{F7BEC3B2-35F3-4130-B177-76D2FA090477}.Debug.ActiveCfg = Debug|Win32
		{F7BEC3B2-35F3-4130-B177-76D2FA090477}.Debug.Build.0 = Debug|Win32
		{F7BEC3B2-35F3-4130-B177-76D2FA090477}.Release.ActiveCfg = Release|Win32
		{F7BEC3B2-35F3-4130-B177-76D2FA090477}.Release.Build.0 = Release|Win32
	EndGlobalSection
	GlobalSection(ExtensibilityGlobals) = postSolution
	EndGlobalSection
	GlobalSection(ExtensibilityAddIns) = postSolution
	EndGlobalSection
EndGlobal
