Microsoft Visual Studio Solution File, Format Version 7.00
Project("{8BC9CEB8-8B4A-11D0-8D11-00A0C91BC942}") = "CStringTest", "CStringTest.vcproj", "{7B8E2030-A239-4F82-92EA-B15E50151102}"
EndProject
Global
	GlobalSection(SolutionConfiguration) = preSolution
		ConfigName.0 = Debug
		ConfigName.1 = Release
	EndGlobalSection
	GlobalSection(ProjectDependencies) = postSolution
	EndGlobalSection
	GlobalSection(ProjectConfiguration) = postSolution
		{7B8E2030-A239-4F82-92EA-B15E50151102}.Debug.ActiveCfg = Debug|Win32
		{7B8E2030-A239-4F82-92EA-B15E50151102}.Debug.Build.0 = Debug|Win32
		{7B8E2030-A239-4F82-92EA-B15E50151102}.Release.ActiveCfg = Release|Win32
		{7B8E2030-A239-4F82-92EA-B15E50151102}.Release.Build.0 = Release|Win32
	EndGlobalSection
	GlobalSection(ExtensibilityGlobals) = postSolution
	EndGlobalSection
	GlobalSection(ExtensibilityAddIns) = postSolution
	EndGlobalSection
EndGlobal
